{"name": "chart-viewer", "location": "/Users/herman_mbp2023/engcim-swarm-s01-s06-validation-20260919/execution-repos/chart-viewer", "revision": "890a2246b1ab9386c1c533dc22a7248f0f544154", "fetchedAt": "2026-09-19T14:16:37Z"}
{"name": "chart-management-api", "location": "/Users/herman_mbp2023/engcim-swarm-s01-s06-validation-20260919/execution-repos/chart-management-api", "revision": "02b5f22eb42e97f8b60f78ecdb962d5ff7c5f2cf", "fetchedAt": "2026-09-19T14:16:37Z"}
{"name": "spc-deployment", "location": "/Users/herman_mbp2023/engcim-swarm-s01-s06-validation-20260919/execution-repos/spc-deployment", "revision": "9638e9c46996033310ed43094e092f8423a59246", "fetchedAt": "2026-09-19T14:16:37Z"}
