{"name": "chart-management-api", "location": "/Users/herman_mbp2023/Documents/FDI-s01-s06-effectiveness/validation/engcim-swarm-v06/baseline/pk/s03/fixture/repos/chart-management-api", "revision": "SPC-MISSION-V1-r1", "revisionKind": "SYNTHETIC_FIXTURE", "fetchedAt": "2026-09-19T23:13:43Z"}
{"name": "chart-viewer", "location": "/Users/herman_mbp2023/Documents/FDI-s01-s06-effectiveness/validation/engcim-swarm-v06/baseline/pk/s03/fixture/repos/chart-viewer", "revision": "SPC-MISSION-V1-r1", "revisionKind": "SYNTHETIC_FIXTURE", "fetchedAt": "2026-09-19T23:13:43Z"}
{"name": "spc-deployment", "location": "/Users/herman_mbp2023/Documents/FDI-s01-s06-effectiveness/validation/engcim-swarm-v06/baseline/pk/s03/fixture/repos/spc-deployment", "revision": "SPC-MISSION-V1-r1", "revisionKind": "SYNTHETIC_FIXTURE", "fetchedAt": "2026-09-19T23:13:43Z"}
{"name": "distractor-service", "location": "/Users/herman_mbp2023/Documents/FDI-s01-s06-effectiveness/validation/engcim-swarm-v06/baseline/pk/s03/fixture/repos/distractor-service", "revision": "SPC-MISSION-V1-r1", "revisionKind": "SYNTHETIC_FIXTURE", "fetchedAt": "2026-09-19T23:13:43Z"}
