{"name": "chart-management-api", "location": "/Users/herman_mbp2023/Documents/FDI-s01-s06-effectiveness/validation/engcim-swarm-v06/baseline/pk/s03/fixture/repos/chart-management-api", "revision": "229f104c7aa8ec17dd3d24ff35b7911abf7c9fc8", "fetchedAt": "2026-09-19T22:42:08Z"}
{"name": "chart-viewer", "location": "/Users/herman_mbp2023/Documents/FDI-s01-s06-effectiveness/validation/engcim-swarm-v06/baseline/pk/s03/fixture/repos/chart-viewer", "revision": "229f104c7aa8ec17dd3d24ff35b7911abf7c9fc8", "fetchedAt": "2026-09-19T22:42:08Z"}
{"name": "spc-deployment", "location": "/Users/herman_mbp2023/Documents/FDI-s01-s06-effectiveness/validation/engcim-swarm-v06/baseline/pk/s03/fixture/repos/spc-deployment", "revision": "229f104c7aa8ec17dd3d24ff35b7911abf7c9fc8", "fetchedAt": "2026-09-19T22:42:08Z"}
{"name": "distractor-service", "location": "/Users/herman_mbp2023/Documents/FDI-s01-s06-effectiveness/validation/engcim-swarm-v06/baseline/pk/s03/fixture/repos/distractor-service", "revision": "229f104c7aa8ec17dd3d24ff35b7911abf7c9fc8", "fetchedAt": "2026-09-19T22:42:08Z"}
