{
  "package": "sf-runtime-neutral-delivery-kit",
  "version": "0.1.0-proposed",
  "status": "PROPOSED_REFERENCE_ONLY",
  "sourceCommit": "2877007af6f6f4ebcc23a393c0d2424292cb6f0e",
  "automaticApplicationAllowed": false,
  "exclusions": [
    "package-lock.json (trusted root digest supplied separately)"
  ],
  "licenseStatus": "SOURCE_OWNER_REVIEW_REQUIRED",
  "files": [
    {
      "path": "AGENTS.md",
      "bytes": 1962,
      "sha256": "dc83edfda6be906b5923d52c57c37782c4e01380619028de9f227e76c45b5619"
    },
    {
      "path": "REVIEW-RESOLUTION.md",
      "bytes": 2813,
      "sha256": "865a7c76a2b35c0190d5ad2d21cf5cd12bede549a02e6e196869904b04f2ad84"
    },
    {
      "path": "SOURCE-MANIFEST.json",
      "bytes": 5436,
      "sha256": "d22f5544fc84fcb181894c002856fad0c99ac6f924d6a7124c53c92adb2e3a06"
    },
    {
      "path": "START-HERE.md",
      "bytes": 2729,
      "sha256": "a3c584122caf12fc13f1bd53cfdd6aa224ae0ca1507f89406e618d6a71bca5f0"
    },
    {
      "path": "adapters/README.md",
      "bytes": 1311,
      "sha256": "83a95395b118573659655d93c001a5004862711c434e2a3cfcdceb1fff4bbf10"
    },
    {
      "path": "adapters/company-binding.json",
      "bytes": 785,
      "sha256": "f38180c135173bfe8f3cdc598abce536382ce32b62decc5d63b69180495d8225"
    },
    {
      "path": "adapters/multica-reference.json",
      "bytes": 777,
      "sha256": "b29c726e0e9eeb067cea8e0f6bf32ab0e161b6bdc08864b1aeb3f61c891699ea"
    },
    {
      "path": "adoption/ADOPTION-SEQUENCE.md",
      "bytes": 2202,
      "sha256": "a0ea57fe6a0b9d8fa077b4bc9f97abcf620e478a78f9cbd047773e627ff161eb"
    },
    {
      "path": "adoption/AI-HANDOFF.md",
      "bytes": 1657,
      "sha256": "adf81e610853acbec32cec1e4d65cc5e1f6da560a39093b6890c24788b82d735"
    },
    {
      "path": "adoption/ENVIRONMENT-DECISIONS.md",
      "bytes": 1476,
      "sha256": "c11948e58ace2f01ceb810db995afae40f69713e7c8351d92fb8fc2570e8d716"
    },
    {
      "path": "agents/BEHAVIOR-CONTRACT.md",
      "bytes": 2591,
      "sha256": "79611c4d06233b7678526166fa31a44df96e55d01415638928ac90800449ecad"
    },
    {
      "path": "agents/ROLES.md",
      "bytes": 2077,
      "sha256": "d67759d4319497bc31abbedb07ffd9837962ab964a8ce79e28bd6bc6599ff3e8"
    },
    {
      "path": "architecture/ARCHITECTURE.md",
      "bytes": 4274,
      "sha256": "595e1acff4fba1895381cf1ffa2d36304b71e294738aae885ba5090c9d4bd069"
    },
    {
      "path": "architecture/AUTHORITY-AND-DECISION-MODEL.md",
      "bytes": 4541,
      "sha256": "e5a45d0218a8414c7f47ed0e8302f972802fa7874234bd0214f504f9054c0d97"
    },
    {
      "path": "architecture/BASELINE-COMPARISON.md",
      "bytes": 2875,
      "sha256": "f6d8e8e557c22e988a142dcc8181573770cdd890c25e743e9fce1bf65bb31ef7"
    },
    {
      "path": "architecture/EXECUTION-SEMANTICS.md",
      "bytes": 5995,
      "sha256": "b7cf54554015c12f0902916638186d4b8e9c11b06955b55d9d5122ac5f4a7b69"
    },
    {
      "path": "architecture/SECURITY-AND-OPERATIONS.md",
      "bytes": 4207,
      "sha256": "f40c5f8a97cd7e39dd1c2fffa8919509f9c7fd2e43b4c51080cbb19e9770eda9"
    },
    {
      "path": "architecture/WORKFLOW-PORTABILITY.md",
      "bytes": 3067,
      "sha256": "55c4b45a496df74f83183b0723936a520a268dc53063cb92e594a31811efae8d"
    },
    {
      "path": "conformance/ACCEPTANCE.md",
      "bytes": 3403,
      "sha256": "b0e620f5141ca75d05a224391d6eb63bd9b9e01b4e8236b4e321f13bfa55da5c"
    },
    {
      "path": "conformance/PACKAGE-VERIFICATION.json",
      "bytes": 2843,
      "sha256": "e21d81828134fc48fe194aa1c46092f4d4b9b5c1cbd0fa2d4e9bf94747f1333d"
    },
    {
      "path": "conformance/REPRODUCE.md",
      "bytes": 1377,
      "sha256": "88aa922d7ddc62b84eebf81f3490d1e495c9a9af98270e91976044280dbd8c90"
    },
    {
      "path": "conformance/cases.json",
      "bytes": 14826,
      "sha256": "61fb3467aaf0177a6fbfcff6d2eaa04668b0070cdb93a99001fe365368b21345"
    },
    {
      "path": "conformance/schema-negative-vectors.json",
      "bytes": 6098,
      "sha256": "fce99614a4170fe81d4419fc73047995944520a0f344412df60ee937e79763e3"
    },
    {
      "path": "contracts/BoundRef.schema.json",
      "bytes": 115,
      "sha256": "5037c2f477c08abf1fe54fba3588c60b7ba75c02fdadf3a309c3c3a6daedc13f"
    },
    {
      "path": "contracts/ChangeClaim.schema.json",
      "bytes": 118,
      "sha256": "14affad67ecab9c6323de0abc35047f316e2097ef9dcc6a2667931c2f73da153"
    },
    {
      "path": "contracts/Dependency.schema.json",
      "bytes": 117,
      "sha256": "024fc4710448c3133d591a348d5193b6a26c42ffb989175e15cfcaabf2d4c8d9"
    },
    {
      "path": "contracts/Envelope.schema.json",
      "bytes": 115,
      "sha256": "d1d6df04783cd9c616e2d70f000bd20a07709b4018ad0a4b12b40e637f39aa74"
    },
    {
      "path": "contracts/Evidence.schema.json",
      "bytes": 115,
      "sha256": "7a50e145fd70031e49efbbc6f32f5668d96b480c750ab6d5902f09b850e0931b"
    },
    {
      "path": "contracts/ExecutionPlan.schema.json",
      "bytes": 120,
      "sha256": "bb1ee51237b73814b5fbeba9ca340aab84e5e565cab92fe7939eaa25e761914c"
    },
    {
      "path": "contracts/README.md",
      "bytes": 4123,
      "sha256": "545b2e331800ccfb574e9aba1ac32dc3eea370a6d29fb7e69068982a20f1644a"
    },
    {
      "path": "contracts/RequirementCoverage.schema.json",
      "bytes": 126,
      "sha256": "423bd067881dd0a86668ebaf472e9e741ecb791a7f5008b2ed1423cf41239c93"
    },
    {
      "path": "contracts/RuntimeProfile.schema.json",
      "bytes": 121,
      "sha256": "c23385b0ebd3e7ef68bf48c1baac2d4ba730e7f619e9aca137eb7dbcdd1c7e75"
    },
    {
      "path": "contracts/WorkItem.schema.json",
      "bytes": 115,
      "sha256": "90ba3f7e843d1e357be6cafd5b2e934e54012ec25f6581dc375881748d580076"
    },
    {
      "path": "contracts/WorkItemResult.schema.json",
      "bytes": 121,
      "sha256": "e0d94fe93a0783d247b23eead7cbbce776f107dd2ad54bce00791db2bd547c6f"
    },
    {
      "path": "contracts/contracts.schema.json",
      "bytes": 14397,
      "sha256": "79ec81728a8a927b248f740b741fdab111bfa947b189cf0cb118055944e36f9b"
    },
    {
      "path": "examples/Envelope.json",
      "bytes": 1202,
      "sha256": "1d11ce6127fe70592f437c7f7edeec467cd53c06cc96cd4712a83e63cbc39a70"
    },
    {
      "path": "examples/ExecutionPlan.json",
      "bytes": 1726,
      "sha256": "627fefca7c3964b3ea8bfe7f9dfad433b1bcad5536294b6fe0f9fe36683f2bcb"
    },
    {
      "path": "examples/README.md",
      "bytes": 493,
      "sha256": "10f19557190553d9b29422a88a90233ed556b88b911f6d879e6ddad27ba367ac"
    },
    {
      "path": "examples/WorkItem-change.json",
      "bytes": 362,
      "sha256": "3284e91e70cf2370cdfc0369545998a5d7625915176cfe74a7b4bdd9d60c479a"
    },
    {
      "path": "examples/WorkItem-integrate.json",
      "bytes": 365,
      "sha256": "b57954a7675025ad7a9893c4a23042ea7d9745647086668de564335909e9ad06"
    },
    {
      "path": "examples/WorkItem-regress.json",
      "bytes": 302,
      "sha256": "864d3292455afd9efc736311db98f5318383a6d4fadb6c6d4f48650fad7d193b"
    },
    {
      "path": "examples/WorkItemResult.json",
      "bytes": 248,
      "sha256": "bd0a001b6c93eba0729d362fc1b3d1447801512d26755555c83c77cc563822f5"
    },
    {
      "path": "examples/input.txt",
      "bytes": 57,
      "sha256": "ba29587314683077c296e2990010fd99a906ebae533bfba3942e874e68435934"
    },
    {
      "path": "reference/rc4/FDI-FRAMEWORK-SPECIFICATION-v0.1-rc4.md.txt",
      "bytes": 54548,
      "sha256": "140b94b4ad1382f5413404dd995a0450a4c6c1e826fe2800b53804670e4c0c7d"
    },
    {
      "path": "reference/rc4/FDI-PROJECT-OVERVIEW-FRAMEWORK-CENTERED.md.txt",
      "bytes": 24551,
      "sha256": "16e9cd920f55864c763e2f2b3069cda983c092a1400b3d697903e3f42d1400b2"
    },
    {
      "path": "reference/rc4/FRAMEWORK-CAPABILITY-FEATURE-CATALOG-v0.1-rc4.md.txt",
      "bytes": 21701,
      "sha256": "255a77517d1e6a281ad71eec7ce30d36699801f46aaf9de4db59d5dec6803aab"
    },
    {
      "path": "reference/rc4/GRAPHIFY-PROVIDER-PROFILE-v0.1-lean-rc4.md.txt",
      "bytes": 2977,
      "sha256": "416f3e2a8b049c735477a7b9b661d84b4d7f20e28a235fea0643f719ad39289f"
    },
    {
      "path": "reference/rc4/RC4-REVIEW-FIX-NOTE.md.txt",
      "bytes": 1605,
      "sha256": "1b6cc4d9a0cafb4e550f44a38ba59fbe73dab07c74bd2869ff6809a11aec6590"
    },
    {
      "path": "reference/rc4/SKILL-OWNERSHIP-MAP-v0.1-rc4.md.txt",
      "bytes": 2154,
      "sha256": "c42ae6e96d6f764a34d5409d6db5ab606871d4182521bc17a4bd40f329e95ab5"
    },
    {
      "path": "reference/rc4/SPEC-VERIFICATION.json.txt",
      "bytes": 1397,
      "sha256": "c89ec12ee3c8bd1ddcb68c177deb287f4d37e33aca772d20ec233c0f04494d69"
    },
    {
      "path": "reference/software-factory/AGENTS.md.txt",
      "bytes": 19900,
      "sha256": "aac96ac43a36a5401c979cd72c762caa8aa7f12572af987e9836e7cd75e9e7c6"
    },
    {
      "path": "reference/software-factory/BACKLOG.md.txt",
      "bytes": 6911,
      "sha256": "a0cc90c0e0627fe09164ee05a83690ae613b2b53de348e10f1e244e19465db4c"
    },
    {
      "path": "reference/software-factory/FRAMEWORK-SPEC.md.txt",
      "bytes": 20648,
      "sha256": "ead6df69b73afe3fb63c8c367f3812e4c56b54b560953390ed90d09583be99a1"
    },
    {
      "path": "reference/software-factory/IMPLEMENTATION-PLAN.md.txt",
      "bytes": 9942,
      "sha256": "d18875a72222feec7d9be1c952614acb97f56f4afaaab8a5f47d7fdb0e0ffcda"
    },
    {
      "path": "reference/software-factory/MULTICA-SLICE-OPTIMIZATION.md.txt",
      "bytes": 20847,
      "sha256": "56fea1accd2bc1c9da3e06fe371c9a4bcb29b5fc2d02fa3fd54d64cf4550e99b"
    },
    {
      "path": "reference/software-factory/PROJECT-OVERVIEW.md.txt",
      "bytes": 4543,
      "sha256": "4cb9c41e0ebd572fdb5bfc31cff166d069181ca4f3a887c15eee4ce7d77e5f2a"
    },
    {
      "path": "reference/software-factory/STATUS.json.txt",
      "bytes": 1638,
      "sha256": "20d772f3c7994be2ce074215fd03c91ea3b44da55d9dd3ea3fa8fa0daf6e8b83"
    },
    {
      "path": "skills/catalog.json",
      "bytes": 4945,
      "sha256": "b110f34e5cd2133064174e85f5edcbdd769996f081789cd06109713177a9a574"
    },
    {
      "path": "skills/pa-codebase-inventory/SKILL.md",
      "bytes": 3122,
      "sha256": "0472dc1fe97e717022fa4894e600d4f93fb66c57d56b348f7f82e37b9f29adc7"
    },
    {
      "path": "skills/pa-historical-delivery/SKILL.md",
      "bytes": 3103,
      "sha256": "2c48d33e6f5f1fadf986d31c4aa6cafda855dafd45e337476846166afc270e50"
    },
    {
      "path": "skills/pk-s1-product-semantics/SKILL.md",
      "bytes": 3519,
      "sha256": "0117a4d2843f3e14ebed901893f5cd8ba393cd9889ac88e2897c7d07e68cc765"
    },
    {
      "path": "skills/pk-s2-product-realization/SKILL.md",
      "bytes": 3575,
      "sha256": "22c6a3cccd2130b46f49af1c10beb0b68103ad88b94bd5acd4e39148ca9c48c2"
    },
    {
      "path": "skills/sf-execution/SKILL.md",
      "bytes": 4183,
      "sha256": "c3cba56c77815a2c1acfb14d46a5a70436753b2a6ee37f91d7c2e2ba1ba712bb"
    },
    {
      "path": "skills/sf-feature-delivery/SKILL.md",
      "bytes": 4283,
      "sha256": "da9f8193bf566bc25662d031dfd6da4db024b8dfa50f7f574ae1d1c9a119839b"
    },
    {
      "path": "templates/HANDOFF.md",
      "bytes": 801,
      "sha256": "2497051bb44dbbf48c8c4fb0dae32eb793973a627e07ed2853af781694fe89d2"
    },
    {
      "path": "workflows/feature-delivery.json",
      "bytes": 1817,
      "sha256": "e2df8463b5b59c16cdbaa58a77534a939fd6b36e3e3fa8be8ca22a8af0cef95e"
    }
  ]
}
